// !$*UTF8*$!
{
	archiveVersion = 1;
	classes = {
	};
	objectVersion = 46;
	objects = {

/* Begin PBXBuildFile section */
		A44B542019CDF00C0053D478 /* AppDelegate.swift in Sources */ = {isa = PBXBuildFile; fileRef = A44B541F19CDF00C0053D478 /* AppDelegate.swift */; };
		A44B542219CDF00C0053D478 /* ViewController.swift in Sources */ = {isa = PBXBuildFile; fileRef = A44B542119CDF00C0053D478 /* ViewController.swift */; };
		A44B542519CDF00C0053D478 /* Main.storyboard in Resources */ = {isa = PBXBuildFile; fileRef = A44B542319CDF00C0053D478 /* Main.storyboard */; };
		A44B542719CDF00C0053D478 /* Images.xcassets in Resources */ = {isa = PBXBuildFile; fileRef = A44B542619CDF00C0053D478 /* Images.xcassets */; };
		A44B542A19CDF00C0053D478 /* LaunchScreen.xib in Resources */ = {isa = PBXBuildFile; fileRef = A44B542819CDF00C0053D478 /* LaunchScreen.xib */; };
		A44B543619CDF00C0053D478 /* DivinationTests.swift in Sources */ = {isa = PBXBuildFile; fileRef = A44B543519CDF00C0053D478 /* DivinationTests.swift */; };
		A44B544119CDF6D40053D478 /* cover.png in Resources */ = {isa = PBXBuildFile; fileRef = A44B544019CDF6D40053D478 /* cover.png */; };
/* End PBXBuildFile section */

/* Begin PBXContainerItemProxy section */
		A44B543019CDF00C0053D478 /* PBXContainerItemProxy */ = {
			isa = PBXContainerItemProxy;
			containerPortal = A44B541219CDF00C0053D478 /* Project object */;
			proxyType = 1;
			remoteGlobalIDString = A44B541919CDF00C0053D478;
			remoteInfo = Divination;
		};
/* End PBXContainerItemProxy section */

/* Begin PBXFileReference section */
		A44B541A19CDF00C0053D478 /* Divination.app */ = {isa = PBXFileReference; explicitFileType = wrapper.application; includeInIndex = 0; path = Divination.app; sourceTree = BUILT_PRODUCTS_DIR; };
		A44B541E19CDF00C0053D478 /* Info.plist */ = {isa = PBXFileReference; lastKnownFileType = text.plist.xml; path = Info.plist; sourceTree = "<group>"; };
		A44B541F19CDF00C0053D478 /* AppDelegate.swift */ = {isa = PBXFileReference; lastKnownFileType = sourcecode.swift; path = AppDelegate.swift; sourceTree = "<group>"; };
		A44B542119CDF00C0053D478 /* ViewController.swift */ = {isa = PBXFileReference; lastKnownFileType = sourcecode.swift; path = ViewController.swift; sourceTree = "<group>"; };
		A44B542419CDF00C0053D478 /* Base */ = {isa = PBXFileReference; lastKnownFileType = file.storyboard; name = Base; path = Base.lproj/Main.storyboard; sourceTree = "<group>"; };
		A44B542619CDF00C0053D478 /* Images.xcassets */ = {isa = PBXFileReference; lastKnownFileType = folder.assetcatalog; path = Images.xcassets; sourceTree = "<group>"; };
		A44B542919CDF00C0053D478 /* Base */ = {isa = PBXFileReference; lastKnownFileType = file.xib; name = Base; path = Base.lproj/LaunchScreen.xib; sourceTree = "<group>"; };
		A44B542F19CDF00C0053D478 /* DivinationTests.xctest */ = {isa = PBXFileReference; explicitFileType = wrapper.cfbundle; includeInIndex = 0; path = DivinationTests.xctest; sourceTree = BUILT_PRODUCTS_DIR; };
		A44B543419CDF00C0053D478 /* Info.plist */ = {isa = PBXFileReference; lastKnownFileType = text.plist.xml; path = Info.plist; sourceTree = "<group>"; };
		A44B543519CDF00C0053D478 /* DivinationTests.swift */ = {isa = PBXFileReference; lastKnownFileType = sourcecode.swift; path = DivinationTests.swift; sourceTree = "<group>"; };
		A44B544019CDF6D40053D478 /* cover.png */ = {isa = PBXFileReference; lastKnownFileType = image.png; path = cover.png; sourceTree = "<group>"; };
/* End PBXFileReference section */

/* Begin PBXFrameworksBuildPhase section */
		A44B541719CDF00C0053D478 /* Frameworks */ = {
			isa = PBXFrameworksBuildPhase;
			buildActionMask = 2147483647;
			files = (
			);
			runOnlyForDeploymentPostprocessing = 0;
		};
		A44B542C19CDF00C0053D478 /* Frameworks */ = {
			isa = PBXFrameworksBuildPhase;
			buildActionMask = 2147483647;
			files = (
			);
			runOnlyForDeploymentPostprocessing = 0;
		};
/* End PBXFrameworksBuildPhase section */

/* Begin PBXGroup section */
		A44B541119CDF00C0053D478 = {
			isa = PBXGroup;
			children = (
				A44B541C19CDF00C0053D478 /* Divination */,
				A44B543219CDF00C0053D478 /* DivinationTests */,
				A44B541B19CDF00C0053D478 /* Products */,
			);
			sourceTree = "<group>";
		};
		A44B541B19CDF00C0053D478 /* Products */ = {
			isa = PBXGroup;
			children = (
				A44B541A19CDF00C0053D478 /* Divination.app */,
				A44B542F19CDF00C0053D478 /* DivinationTests.xctest */,
			);
			name = Products;
			sourceTree = "<group>";
		};
		A44B541C19CDF00C0053D478 /* Divination */ = {
			isa = PBXGroup;
			children = (
				A44B543F19CDF65A0053D478 /* img */,
				A44B541F19CDF00C0053D478 /* AppDelegate.swift */,
				A44B542119CDF00C0053D478 /* ViewController.swift */,
				A44B542319CDF00C0053D478 /* Main.storyboard */,
				A44B542619CDF00C0053D478 /* Images.xcassets */,
				A44B542819CDF00C0053D478 /* LaunchScreen.xib */,
				A44B541D19CDF00C0053D478 /* Supporting Files */,
			);
			path = Divination;
			sourceTree = "<group>";
		};
		A44B541D19CDF00C0053D478 /* Supporting Files */ = {
			isa = PBXGroup;
			children = (
				A44B541E19CDF00C0053D478 /* Info.plist */,
			);
			name = "Supporting Files";
			sourceTree = "<group>";
		};
		A44B543219CDF00C0053D478 /* DivinationTests */ = {
			isa = PBXGroup;
			children = (
				A44B543519CDF00C0053D478 /* DivinationTests.swift */,
				A44B543319CDF00C0053D478 /* Supporting Files */,
			);
			path = DivinationTests;
			sourceTree = "<group>";
		};
		A44B543319CDF00C0053D478 /* Supporting Files */ = {
			isa = PBXGroup;
			children = (
				A44B543419CDF00C0053D478 /* Info.plist */,
			);
			name = "Supporting Files";
			sourceTree = "<group>";
		};
		A44B543F19CDF65A0053D478 /* img */ = {
			isa = PBXGroup;
			children = (
				A44B544019CDF6D40053D478 /* cover.png */,
			);
			name = img;
			sourceTree = "<group>";
		};
/* End PBXGroup section */

/* Begin PBXNativeTarget section */
		A44B541919CDF00C0053D478 /* Divination */ = {
			isa = PBXNativeTarget;
			buildConfigurationList = A44B543919CDF00C0053D478 /* Build configuration list for PBXNativeTarget "Divination" */;
			buildPhases = (
				A44B541619CDF00C0053D478 /* Sources */,
				A44B541719CDF00C0053D478 /* Frameworks */,
				A44B541819CDF00C0053D478 /* Resources */,
			);
			buildRules = (
			);
			dependencies = (
			);
			name = Divination;
			productName = Divination;
			productReference = A44B541A19CDF00C0053D478 /* Divination.app */;
			productType = "com.apple.product-type.application";
		};
		A44B542E19CDF00C0053D478 /* DivinationTests */ = {
			isa = PBXNativeTarget;
			buildConfigurationList = A44B543C19CDF00C0053D478 /* Build configuration list for PBXNativeTarget "DivinationTests" */;
			buildPhases = (
				A44B542B19CDF00C0053D478 /* Sources */,
				A44B542C19CDF00C0053D478 /* Frameworks */,
				A44B542D19CDF00C0053D478 /* Resources */,
			);
			buildRules = (
			);
			dependencies = (
				A44B543119CDF00C0053D478 /* PBXTargetDependency */,
			);
			name = DivinationTests;
			productName = DivinationTests;
			productReference = A44B542F19CDF00C0053D478 /* DivinationTests.xctest */;
			productType = "com.apple.product-type.bundle.unit-test";
		};
/* End PBXNativeTarget section */

/* Begin PBXProject section */
		A44B541219CDF00C0053D478 /* Project object */ = {
			isa = PBXProject;
			attributes = {
				LastUpgradeCheck = 0600;
				ORGANIZATIONNAME = "Sophia Wang";
				TargetAttributes = {
					A44B541919CDF00C0053D478 = {
						CreatedOnToolsVersion = 6.0.1;
					};
					A44B542E19CDF00C0053D478 = {
						CreatedOnToolsVersion = 6.0.1;
						TestTargetID = A44B541919CDF00C0053D478;
					};
				};
			};
			buildConfigurationList = A44B541519CDF00C0053D478 /* Build configuration list for PBXProject "Divination" */;
			compatibilityVersion = "Xcode 3.2";
			developmentRegion = English;
			hasScannedForEncodings = 0;
			knownRegions = (
				en,
				Base,
			);
			mainGroup = A44B541119CDF00C0053D478;
			productRefGroup = A44B541B19CDF00C0053D478 /* Products */;
			projectDirPath = "";
			projectRoot = "";
			targets = (
				A44B541919CDF00C0053D478 /* Divination */,
				A44B542E19CDF00C0053D478 /* DivinationTests */,
			);
		};
/* End PBXProject section */

/* Begin PBXResourcesBuildPhase section */
		A44B541819CDF00C0053D478 /* Resources */ = {
			isa = PBXResourcesBuildPhase;
			buildActionMask = 2147483647;
			files = (
				A44B544119CDF6D40053D478 /* cover.png in Resources */,
				A44B542519CDF00C0053D478 /* Main.storyboard in Resources */,
				A44B542A19CDF00C0053D478 /* LaunchScreen.xib in Resources */,
				A44B542719CDF00C0053D478 /* Images.xcassets in Resources */,
			);
			runOnlyForDeploymentPostprocessing = 0;
		};
		A44B542D19CDF00C0053D478 /* Resources */ = {
			isa = PBXResourcesBuildPhase;
			buildActionMask = 2147483647;
			files = (
			);
			runOnlyForDeploymentPostprocessing = 0;
		};
/* End PBXResourcesBuildPhase section */

/* Begin PBXSourcesBuildPhase section */
		A44B541619CDF00C0053D478 /* Sources */ = {
			isa = PBXSourcesBuildPhase;
			buildActionMask = 2147483647;
			files = (
				A44B542219CDF00C0053D478 /* ViewController.swift in Sources */,
				A44B542019CDF00C0053D478 /* AppDelegate.swift in Sources */,
			);
			runOnlyForDeploymentPostprocessing = 0;
		};
		A44B542B19CDF00C0053D478 /* Sources */ = {
			isa = PBXSourcesBuildPhase;
			buildActionMask = 2147483647;
			files = (
				A44B543619CDF00C0053D478 /* DivinationTests.swift in Sources */,
			);
			runOnlyForDeploymentPostprocessing = 0;
		};
/* End PBXSourcesBuildPhase section */

/* Begin PBXTargetDependency section */
		A44B543119CDF00C0053D478 /* PBXTargetDependency */ = {
			isa = PBXTargetDependency;
			target = A44B541919CDF00C0053D478 /* Divination */;
			targetProxy = A44B543019CDF00C0053D478 /* PBXContainerItemProxy */;
		};
/* End PBXTargetDependency section */

/* Begin PBXVariantGroup section */
		A44B542319CDF00C0053D478 /* Main.storyboard */ = {
			isa = PBXVariantGroup;
			children = (
				A44B542419CDF00C0053D478 /* Base */,
			);
			name = Main.storyboard;
			sourceTree = "<group>";
		};
		A44B542819CDF00C0053D478 /* LaunchScreen.xib */ = {
			isa = PBXVariantGroup;
			children = (
				A44B542919CDF00C0053D478 /* Base */,
			);
			name = LaunchScreen.xib;
			sourceTree = "<group>";
		};
/* End PBXVariantGroup section */

/* Begin XCBuildConfiguration section */
		A44B543719CDF00C0053D478 /* Debug */ = {
			isa = XCBuildConfiguration;
			buildSettings = {
				ALWAYS_SEARCH_USER_PATHS = NO;
				CLANG_CXX_LANGUAGE_STANDARD = "gnu++0x";
				CLANG_CXX_LIBRARY = "libc++";
				CLANG_ENABLE_MODULES = YES;
				CLANG_ENABLE_OBJC_ARC = YES;
				CLANG_WARN_BOOL_CONVERSION = YES;
				CLANG_WARN_CONSTANT_CONVERSION = YES;
				CLANG_WARN_DIRECT_OBJC_ISA_USAGE = YES_ERROR;
				CLANG_WARN_EMPTY_BODY = YES;
				CLANG_WARN_ENUM_CONVERSION = YES;
				CLANG_WARN_INT_CONVERSION = YES;
				CLANG_WARN_OBJC_ROOT_CLASS = YES_ERROR;
				CLANG_WARN_UNREACHABLE_CODE = YES;
				CLANG_WARN__DUPLICATE_METHOD_MATCH = YES;
				"CODE_SIGN_IDENTITY[sdk=iphoneos*]" = "iPhone Developer";
				COPY_PHASE_STRIP = NO;
				ENABLE_STRICT_OBJC_MSGSEND = YES;
				GCC_C_LANGUAGE_STANDARD = gnu99;
				GCC_DYNAMIC_NO_PIC = NO;
				GCC_OPTIMIZATION_LEVEL = 0;
				GCC_PREPROCESSOR_DEFINITIONS = (
					"DEBUG=1",
					"$(inherited)",
				);
				GCC_SYMBOLS_PRIVATE_EXTERN = NO;
				GCC_WARN_64_TO_32_BIT_CONVERSION = YES;
				GCC_WARN_ABOUT_RETURN_TYPE = YES_ERROR;
				GCC_WARN_UNDECLARED_SELECTOR = YES;
				GCC_WARN_UNINITIALIZED_AUTOS = YES_AGGRESSIVE;
				GCC_WARN_UNUSED_FUNCTION = YES;
				GCC_WARN_UNUSED_VARIABLE = YES;
				IPHONEOS_DEPLOYMENT_TARGET = 8.0;
				MTL_ENABLE_DEBUG_INFO = YES;
				ONLY_ACTIVE_ARCH = YES;
				SDKROOT = iphoneos;
				SWIFT_OPTIMIZATION_LEVEL = "-Onone";
			};
			name = Debug;
		};
		A44B543819CDF00C0053D478 /* Release */ = {
			isa = XCBuildConfiguration;
			buildSettings = {
				ALWAYS_SEARCH_USER_PATHS = NO;
				CLANG_CXX_LANGUAGE_STANDARD = "gnu++0x";
				CLANG_CXX_LIBRARY = "libc++";
				CLANG_ENABLE_MODULES = YES;
				CLANG_ENABLE_OBJC_ARC = YES;
				CLANG_WARN_BOOL_CONVERSION = YES;
				CLANG_WARN_CONSTANT_CONVERSION = YES;
				CLANG_WARN_DIRECT_OBJC_ISA_USAGE = YES_ERROR;
				CLANG_WARN_EMPTY_BODY = YES;
				CLANG_WARN_ENUM_CONVERSION = YES;
				CLANG_WARN_INT_CONVERSION = YES;
				CLANG_WARN_OBJC_ROOT_CLASS = YES_ERROR;
				CLANG_WARN_UNREACHABLE_CODE = YES;
				CLANG_WARN__DUPLICATE_METHOD_MATCH = YES;
				"CODE_SIGN_IDENTITY[sdk=iphoneos*]" = "iPhone Developer";
				COPY_PHASE_STRIP = YES;
				ENABLE_NS_ASSERTIONS = NO;
				ENABLE_STRICT_OBJC_MSGSEND = YES;
				GCC_C_LANGUAGE_STANDARD = gnu99;
				GCC_WARN_64_TO_32_BIT_CONVERSION = YES;
				GCC_WARN_ABOUT_RETURN_TYPE = YES_ERROR;
				GCC_WARN_UNDECLARED_SELECTOR = YES;
				GCC_WARN_UNINITIALIZED_AUTOS = YES_AGGRESSIVE;
				GCC_WARN_UNUSED_FUNCTION = YES;
				GCC_WARN_UNUSED_VARIABLE = YES;
				IPHONEOS_DEPLOYMENT_TARGET = 8.0;
				MTL_ENABLE_DEBUG_INFO = NO;
				SDKROOT = iphoneos;
				VALIDATE_PRODUCT = YES;
			};
			name = Release;
		};
		A44B543A19CDF00C0053D478 /* Debug */ = {
			isa = XCBuildConfiguration;
			buildSettings = {
				ASSETCATALOG_COMPILER_APPICON_NAME = AppIcon;
				INFOPLIST_FILE = Divination/Info.plist;
				LD_RUNPATH_SEARCH_PATHS = "$(inherited) @executable_path/Frameworks";
				PRODUCT_NAME = "$(TARGET_NAME)";
			};
			name = Debug;
		};
		A44B543B19CDF00C0053D478 /* Release */ = {
			isa = XCBuildConfiguration;
			buildSettings = {
				ASSETCATALOG_COMPILER_APPICON_NAME = AppIcon;
				INFOPLIST_FILE = Divination/Info.plist;
				LD_RUNPATH_SEARCH_PATHS = "$(inherited) @executable_path/Frameworks";
				PRODUCT_NAME = "$(TARGET_NAME)";
			};
			name = Release;
		};
		A44B543D19CDF00C0053D478 /* Debug */ = {
			isa = XCBuildConfiguration;
			buildSettings = {
				BUNDLE_LOADER = "$(TEST_HOST)";
				FRAMEWORK_SEARCH_PATHS = (
					"$(SDKROOT)/Developer/Library/Frameworks",
					"$(inherited)",
				);
				GCC_PREPROCESSOR_DEFINITIONS = (
					"DEBUG=1",
					"$(inherited)",
				);
				INFOPLIST_FILE = DivinationTests/Info.plist;
				LD_RUNPATH_SEARCH_PATHS = "$(inherited) @executable_path/Frameworks @loader_path/Frameworks";
				PRODUCT_NAME = "$(TARGET_NAME)";
				TEST_HOST = "$(BUILT_PRODUCTS_DIR)/Divination.app/Divination";
			};
			name = Debug;
		};
		A44B543E19CDF00C0053D478 /* Release */ = {
			isa = XCBuildConfiguration;
			buildSettings = {
				BUNDLE_LOADER = "$(TEST_HOST)";
				FRAMEWORK_SEARCH_PATHS = (
					"$(SDKROOT)/Developer/Library/Frameworks",
					"$(inherited)",
				);
				INFOPLIST_FILE = DivinationTests/Info.plist;
				LD_RUNPATH_SEARCH_PATHS = "$(inherited) @executable_path/Frameworks @loader_path/Frameworks";
				PRODUCT_NAME = "$(TARGET_NAME)";
				TEST_HOST = "$(BUILT_PRODUCTS_DIR)/Divination.app/Divination";
			};
			name = Release;
		};
/* End XCBuildConfiguration section */

/* Begin XCConfigurationList section */
		A44B541519CDF00C0053D478 /* Build configuration list for PBXProject "Divination" */ = {
			isa = XCConfigurationList;
			buildConfigurations = (
				A44B543719CDF00C0053D478 /* Debug */,
				A44B543819CDF00C0053D478 /* Release */,
			);
			defaultConfigurationIsVisible = 0;
			defaultConfigurationName = Release;
		};
		A44B543919CDF00C0053D478 /* Build configuration list for PBXNativeTarget "Divination" */ = {
			isa = XCConfigurationList;
			buildConfigurations = (
				A44B543A19CDF00C0053D478 /* Debug */,
				A44B543B19CDF00C0053D478 /* Release */,
			);
			defaultConfigurationIsVisible = 0;
		};
		A44B543C19CDF00C0053D478 /* Build configuration list for PBXNativeTarget "DivinationTests" */ = {
			isa = XCConfigurationList;
			buildConfigurations = (
				A44B543D19CDF00C0053D478 /* Debug */,
				A44B543E19CDF00C0053D478 /* Release */,
			);
			defaultConfigurationIsVisible = 0;
		};
/* End XCConfigurationList section */
	};
	rootObject = A44B541219CDF00C0053D478 /* Project object */;
}
